
Microsoft Visual Studio Solution File, Format Version 12.00
# Visual Studio Version 17
VisualStudioVersion = 17.6.33829.357
MinimumVisualStudioVersion = 10.0.40219.1
Project("{FAE04EC0-301F-11D3-BF4B-00C04F79EFBC}") = "Selenium_Project", "Selenium_Project\Selenium_Project.csproj", "{8858BD25-D1D0-4048-A88F-D8F420573FB7}"
EndProject
Global
	GlobalSection(SolutionConfigurationPlatforms) = preSolution
		Debug|Any CPU = Debug|Any CPU
		Release|Any CPU = Release|Any CPU
	EndGlobalSection
	GlobalSection(ProjectConfigurationPlatforms) = postSolution
		{8858BD25-D1D0-4048-A88F-D8F420573FB7}.Debug|Any CPU.ActiveCfg = Debug|Any CPU
		{8858BD25-D1D0-4048-A88F-D8F420573FB7}.Debug|Any CPU.Build.0 = Debug|Any CPU
		{8858BD25-D1D0-4048-A88F-D8F420573FB7}.Release|Any CPU.ActiveCfg = Release|Any CPU
		{8858BD25-D1D0-4048-A88F-D8F420573FB7}.Release|Any CPU.Build.0 = Release|Any CPU
	EndGlobalSection
	GlobalSection(SolutionProperties) = preSolution
		HideSolutionNode = FALSE
	EndGlobalSection
	GlobalSection(ExtensibilityGlobals) = postSolution
		SolutionGuid = {24AC3AE9-FB13-46D5-AB17-C80935D1E144}
	EndGlobalSection
EndGlobal
